
Microsoft Visual Studio Solution File, Format Version 12.00
# Visual Studio 15
VisualStudioVersion = 15.0.28010.2026
MinimumVisualStudioVersion = 10.0.40219.1
Project("{FAE04EC0-301F-11D3-BF4B-00C04F79EFBC}") = "StrategyPattern", "StrategyPattern\StrategyPattern.csproj", "{D15AABFD-08A9-4976-927F-33467E739948}"
EndProject
Global
	GlobalSection(SolutionConfigurationPlatforms) = preSolution
		Debug|Any CPU = Debug|Any CPU
		Release|Any CPU = Release|Any CPU
	EndGlobalSection
	GlobalSection(ProjectConfigurationPlatforms) = postSolution
		{D15AABFD-08A9-4976-927F-33467E739948}.Debug|Any CPU.ActiveCfg = Debug|Any CPU
		{D15AABFD-08A9-4976-927F-33467E739948}.Debug|Any CPU.Build.0 = Debug|Any CPU
		{D15AABFD-08A9-4976-927F-33467E739948}.Release|Any CPU.ActiveCfg = Release|Any CPU
		{D15AABFD-08A9-4976-927F-33467E739948}.Release|Any CPU.Build.0 = Release|Any CPU
	EndGlobalSection
	GlobalSection(SolutionProperties) = preSolution
		HideSolutionNode = FALSE
	EndGlobalSection
	GlobalSection(ExtensibilityGlobals) = postSolution
		SolutionGuid = {8B09C2CA-F225-4EA7-877E-0416B9322663}
	EndGlobalSection
EndGlobal
