
Microsoft Visual Studio Solution File, Format Version 12.00
# Visual Studio 15
VisualStudioVersion = 15.0.28010.2026
MinimumVisualStudioVersion = 10.0.40219.1
Project("{FAE04EC0-301F-11D3-BF4B-00C04F79EFBC}") = "CommandPattern", "CommandPattern\CommandPattern.csproj", "{FACF75C9-E5E9-4397-9E3B-318B4C6099D8}"
EndProject
Global
	GlobalSection(SolutionConfigurationPlatforms) = preSolution
		Debug|Any CPU = Debug|Any CPU
		Release|Any CPU = Release|Any CPU
	EndGlobalSection
	GlobalSection(ProjectConfigurationPlatforms) = postSolution
		{FACF75C9-E5E9-4397-9E3B-318B4C6099D8}.Debug|Any CPU.ActiveCfg = Debug|Any CPU
		{FACF75C9-E5E9-4397-9E3B-318B4C6099D8}.Debug|Any CPU.Build.0 = Debug|Any CPU
		{FACF75C9-E5E9-4397-9E3B-318B4C6099D8}.Release|Any CPU.ActiveCfg = Release|Any CPU
		{FACF75C9-E5E9-4397-9E3B-318B4C6099D8}.Release|Any CPU.Build.0 = Release|Any CPU
	EndGlobalSection
	GlobalSection(SolutionProperties) = preSolution
		HideSolutionNode = FALSE
	EndGlobalSection
	GlobalSection(ExtensibilityGlobals) = postSolution
		SolutionGuid = {C9B061FD-1B11-4B8D-8985-43E16F2E383C}
	EndGlobalSection
EndGlobal
